speakeasyVersion: 1.545.0
sources:
    backend-php:
        sourceNamespace: clerk-openapi
        sourceRevisionDigest: sha256:169c504bc2d18b714b0b25ba6a298e44fcffe410f57f67b79655caa77903ae46
        sourceBlobDigest: sha256:0f35ae2775626b1ee887189f9d4f3007b57a9de47d326a36081317039ceeb348
        tags:
            - latest
    clerk-backend-php:
        sourceNamespace: clerk-openapi
        sourceRevisionDigest: sha256:38c16a932d47d12617f45050c406209cc527f1e669f6f93f697afd34dd65215a
        sourceBlobDigest: sha256:a1fe6e2b6b88ebb94a1ed12cf3aa9acf83572460a5f825e8af217a692289a9f2
        tags:
            - latest
    clerk-openapi:
        sourceNamespace: clerk-openapi
        sourceRevisionDigest: sha256:9b0f73abae85b21070c83150474efefadfd642cb60bd382efa3b186d0268d1d0
        sourceBlobDigest: sha256:340eb6887045d0ee9db88c570ae5623776b60d0b79dc89e0312505c3b476afe1
        tags:
            - latest
            - speakeasy-sdk-regen-1742862701
            - "2024-10-01"
targets:
    clerk-php:
        source: clerk-openapi
        sourceNamespace: clerk-openapi
        sourceRevisionDigest: sha256:9b0f73abae85b21070c83150474efefadfd642cb60bd382efa3b186d0268d1d0
        sourceBlobDigest: sha256:340eb6887045d0ee9db88c570ae5623776b60d0b79dc89e0312505c3b476afe1
        codeSamplesNamespace: clerk-openapi-php-code-samples
        codeSamplesRevisionDigest: sha256:ae0b19c0d3645af76df9101d590bcd647be4220f30983d84708202c31159f836
    my-first-target:
        source: clerk-backend-php
        sourceNamespace: clerk-openapi
        sourceRevisionDigest: sha256:c169e1d91c0cf96f1b0efcd65d90aa47ab9f42cfcde30514813f38ee86c14a75
        sourceBlobDigest: sha256:70485a857719071de692222b345b03eb8c8d415420074439d45ec731a9dee8aa
workflow:
    workflowVersion: 1.0.0
    speakeasyVersion: latest
    sources:
        clerk-openapi:
            inputs:
                - location: https://raw.githubusercontent.com/clerk/openapi-specs/refs/heads/main/bapi/2024-10-01.yml
            overlays:
                - location: https://raw.githubusercontent.com/clerk/openapi-specs/refs/heads/main/.speakeasy/bapi/fixes.yml
            registry:
                location: registry.speakeasyapi.dev/clerk/clerk/clerk-openapi
    targets:
        clerk-php:
            target: php
            source: clerk-openapi
            output: .
            publish:
                packagist:
                    username: $packagist_username
                    token: $packagist_token
            codeSamples:
                registry:
                    location: registry.speakeasyapi.dev/clerk/clerk/clerk-openapi-php-code-samples
                blocking: false
